
Microsoft Visual Studio Solution File, Format Version 12.00
# Visual Studio Version 17
VisualStudioVersion = 17.5.33627.172
MinimumVisualStudioVersion = 10.0.40219.1
Project("{9A19103F-16F7-4668-BE54-9A1E7A4F7556}") = "SiteMapGenerator", "SiteMapGenerator.csproj", "{6B52891A-D26E-443E-9EB2-2E0E646D64A7}"
EndProject
Global
	GlobalSection(SolutionConfigurationPlatforms) = preSolution
		Debug|Any CPU = Debug|Any CPU
		Release|Any CPU = Release|Any CPU
	EndGlobalSection
	GlobalSection(ProjectConfigurationPlatforms) = postSolution
		{6B52891A-D26E-443E-9EB2-2E0E646D64A7}.Debug|Any CPU.ActiveCfg = Debug|Any CPU
		{6B52891A-D26E-443E-9EB2-2E0E646D64A7}.Debug|Any CPU.Build.0 = Debug|Any CPU
		{6B52891A-D26E-443E-9EB2-2E0E646D64A7}.Release|Any CPU.ActiveCfg = Release|Any CPU
		{6B52891A-D26E-443E-9EB2-2E0E646D64A7}.Release|Any CPU.Build.0 = Release|Any CPU
	EndGlobalSection
	GlobalSection(SolutionProperties) = preSolution
		HideSolutionNode = FALSE
	EndGlobalSection
	GlobalSection(ExtensibilityGlobals) = postSolution
		SolutionGuid = {3C247696-FDFD-4180-9A08-268A0879D87C}
	EndGlobalSection
EndGlobal
